
Microsoft Visual Studio Solution File, Format Version 12.00
# Visual Studio Version 16
VisualStudioVersion = 16.0.30413.136
MinimumVisualStudioVersion = 10.0.40219.1
Project("{00D1A9C2-B5F0-4AF3-8072-F6C62B433612}") = "ModelRegisterApp.SqlServer", "ModelRegisterApp.SqlServer\ModelRegisterApp.SqlServer.sqlproj", "{62723BA9-1E9C-41A2-AA34-767B41B55702}"
EndProject
Project("{FAE04EC0-301F-11D3-BF4B-00C04F79EFBC}") = "ModelRegisterApp.Models", "ModelRegisterApp.Models\ModelRegisterApp.Models.csproj", "{AC16B116-4C85-48B0-88B7-A250D220732F}"
EndProject
Project("{FAE04EC0-301F-11D3-BF4B-00C04F79EFBC}") = "ModelRegisterApp", "ModelRegisterApp\ModelRegisterApp.csproj", "{CE12F76C-2064-4600-B5FE-AB529238F25C}"
EndProject
Global
	GlobalSection(SolutionConfigurationPlatforms) = preSolution
		Debug|Any CPU = Debug|Any CPU
		Release|Any CPU = Release|Any CPU
	EndGlobalSection
	GlobalSection(ProjectConfigurationPlatforms) = postSolution
		{62723BA9-1E9C-41A2-AA34-767B41B55702}.Debug|Any CPU.ActiveCfg = Debug|Any CPU
		{62723BA9-1E9C-41A2-AA34-767B41B55702}.Debug|Any CPU.Build.0 = Debug|Any CPU
		{62723BA9-1E9C-41A2-AA34-767B41B55702}.Debug|Any CPU.Deploy.0 = Debug|Any CPU
		{62723BA9-1E9C-41A2-AA34-767B41B55702}.Release|Any CPU.ActiveCfg = Release|Any CPU
		{62723BA9-1E9C-41A2-AA34-767B41B55702}.Release|Any CPU.Build.0 = Release|Any CPU
		{62723BA9-1E9C-41A2-AA34-767B41B55702}.Release|Any CPU.Deploy.0 = Release|Any CPU
		{AC16B116-4C85-48B0-88B7-A250D220732F}.Debug|Any CPU.ActiveCfg = Debug|Any CPU
		{AC16B116-4C85-48B0-88B7-A250D220732F}.Debug|Any CPU.Build.0 = Debug|Any CPU
		{AC16B116-4C85-48B0-88B7-A250D220732F}.Release|Any CPU.ActiveCfg = Release|Any CPU
		{AC16B116-4C85-48B0-88B7-A250D220732F}.Release|Any CPU.Build.0 = Release|Any CPU
		{CE12F76C-2064-4600-B5FE-AB529238F25C}.Debug|Any CPU.ActiveCfg = Debug|Any CPU
		{CE12F76C-2064-4600-B5FE-AB529238F25C}.Debug|Any CPU.Build.0 = Debug|Any CPU
		{CE12F76C-2064-4600-B5FE-AB529238F25C}.Release|Any CPU.ActiveCfg = Release|Any CPU
		{CE12F76C-2064-4600-B5FE-AB529238F25C}.Release|Any CPU.Build.0 = Release|Any CPU
	EndGlobalSection
	GlobalSection(SolutionProperties) = preSolution
		HideSolutionNode = FALSE
	EndGlobalSection
	GlobalSection(ExtensibilityGlobals) = postSolution
		SolutionGuid = {E867DBF0-AD48-4B20-89AD-3C840B7C6FA8}
	EndGlobalSection
EndGlobal
